# Generated by pub
# See https://dart.dev/tools/pub/glossary#lockfile
packages:
  archive:
    dependency: transitive
    description:
      name: archive
      url: "https://pub.dartlang.org"
    source: hosted
    version: "3.3.0"
  collection:
    dependency: transitive
    description:
      name: collection
      url: "https://pub.dartlang.org"
    source: hosted
    version: "1.16.0"
  crypto:
    dependency: transitive
    description:
      name: crypto
      url: "https://pub.dartlang.org"
    source: hosted
    version: "3.0.2"
  geoffNoise:
    dependency: "direct main"
    description:
      path: "."
      ref: HEAD
      resolved-ref: "6f7551268376bfb0aac9d4aeb3b56e87a974ba6a"
      url: "https://github.com/Kibibibit/geoffNoise"
    source: git
    version: "0.0.0"
  image:
    dependency: "direct main"
    description:
      path: "."
      ref: HEAD
      resolved-ref: "6a2d5b8ac636687fc629b1bb67c4572f0b19f411"
      url: "https://github.com/brendan-duncan/image"
    source: git
    version: "3.2.0"
  meta:
    dependency: transitive
    description:
      name: meta
      url: "https://pub.dartlang.org"
    source: hosted
    version: "1.8.0"
  path:
    dependency: transitive
    description:
      name: path
      url: "https://pub.dartlang.org"
    source: hosted
    version: "1.8.2"
  petitparser:
    dependency: transitive
    description:
      name: petitparser
      url: "https://pub.dartlang.org"
    source: hosted
    version: "5.0.0"
  typed_data:
    dependency: transitive
    description:
      name: typed_data
      url: "https://pub.dartlang.org"
    source: hosted
    version: "1.3.1"
  xml:
    dependency: transitive
    description:
      name: xml
      url: "https://pub.dartlang.org"
    source: hosted
    version: "6.1.0"
sdks:
  dart: ">=2.17.0 <3.0.0"
